hash: bd71e7c25ef09b30a3db12c4c1c8b3dcd4c0aa52f4dde228ebaf5d04b25b19f0
updated: 2017-06-17T15:18:46.440276732+08:00
imports:
- name: github.com/op/go-logging
  version: b2cb9fa56473e98db8caba80237377e83fe44db5
- name: gopkg.in/kataras/iris.v6
  version: 09a2066268f99fc8ee40ecddde8b415f76250f4b
testImports: []
